
Microsoft Visual Studio Solution File, Format Version 12.00
# Visual Studio Version 16
VisualStudioVersion = 16.0.30114.105
MinimumVisualStudioVersion = 10.0.40219.1
Project("{2150E333-8FDC-42A3-9474-1A3956D46DE8}") = "src", "src", "{AFAA0841-BD93-466F-B8F4-FB4EEC86F1FC}"
EndProject
Project("{9A19103F-16F7-4668-BE54-9A1E7A4F7556}") = "BLTS.WebApi.Core", "src\BLTS.WebApi.Core\BLTS.WebApi.Core.csproj", "{0FA75A5B-AB83-4FD0-B545-279774C01E87}"
EndProject
Project("{9A19103F-16F7-4668-BE54-9A1E7A4F7556}") = "BLTS.WebApi.Application", "src\BLTS.WebApi.Application\BLTS.WebApi.Application.csproj", "{3870C648-4AEA-4B85-BA3F-F2F63B96136A}"
EndProject
Project("{9A19103F-16F7-4668-BE54-9A1E7A4F7556}") = "BLTS.WebApi.Web.Host", "src\BLTS.WebApi.Web.Host\BLTS.WebApi.Web.Host.csproj", "{38E184BD-E874-4633-A947-AED4FDB73F40}"
EndProject
Project("{2150E333-8FDC-42A3-9474-1A3956D46DE8}") = "Solution Items", "Solution Items", "{BCBA7F26-599E-4EAA-9FF3-29E8014E8BE1}"
	ProjectSection(SolutionItems) = preProject
		.gitattributes = .gitattributes
		.gitignore = .gitignore
		README.md = README.md
	EndProjectSection
EndProject
Project("{9A19103F-16F7-4668-BE54-9A1E7A4F7556}") = "BLTS.WebApi.Web.Core", "src\BLTS.WebApi.Web.Core\BLTS.WebApi.Web.Core.csproj", "{0E45B781-2F4E-4C11-A8D9-C85B342F7480}"
EndProject
Project("{9A19103F-16F7-4668-BE54-9A1E7A4F7556}") = "BLTS.WebUi.Infrastructure", "src\BLTS.WebUi.Infrastructure\BLTS.WebUi.Infrastructure.csproj", "{2932A529-B38D-44EC-B24C-0459A10E088F}"
EndProject
Project("{00D1A9C2-B5F0-4AF3-8072-F6C62B433612}") = "BLTS.WebApi.Database", "BLTS.WebApi.Database\BLTS.WebApi.Database.sqlproj", "{36C35FED-E104-4AD5-9BCD-55C67BF85DFC}"
EndProject
Global
	GlobalSection(SolutionConfigurationPlatforms) = preSolution
		Debug|Any CPU = Debug|Any CPU
		Release|Any CPU = Release|Any CPU
	EndGlobalSection
	GlobalSection(ProjectConfigurationPlatforms) = postSolution
		{0FA75A5B-AB83-4FD0-B545-279774C01E87}.Debug|Any CPU.ActiveCfg = Debug|Any CPU
		{0FA75A5B-AB83-4FD0-B545-279774C01E87}.Debug|Any CPU.Build.0 = Debug|Any CPU
		{0FA75A5B-AB83-4FD0-B545-279774C01E87}.Release|Any CPU.ActiveCfg = Release|Any CPU
		{0FA75A5B-AB83-4FD0-B545-279774C01E87}.Release|Any CPU.Build.0 = Release|Any CPU
		{3870C648-4AEA-4B85-BA3F-F2F63B96136A}.Debug|Any CPU.ActiveCfg = Debug|Any CPU
		{3870C648-4AEA-4B85-BA3F-F2F63B96136A}.Debug|Any CPU.Build.0 = Debug|Any CPU
		{3870C648-4AEA-4B85-BA3F-F2F63B96136A}.Release|Any CPU.ActiveCfg = Release|Any CPU
		{3870C648-4AEA-4B85-BA3F-F2F63B96136A}.Release|Any CPU.Build.0 = Release|Any CPU
		{38E184BD-E874-4633-A947-AED4FDB73F40}.Debug|Any CPU.ActiveCfg = Debug|Any CPU
		{38E184BD-E874-4633-A947-AED4FDB73F40}.Debug|Any CPU.Build.0 = Debug|Any CPU
		{38E184BD-E874-4633-A947-AED4FDB73F40}.Release|Any CPU.ActiveCfg = Release|Any CPU
		{38E184BD-E874-4633-A947-AED4FDB73F40}.Release|Any CPU.Build.0 = Release|Any CPU
		{0E45B781-2F4E-4C11-A8D9-C85B342F7480}.Debug|Any CPU.ActiveCfg = Debug|Any CPU
		{0E45B781-2F4E-4C11-A8D9-C85B342F7480}.Debug|Any CPU.Build.0 = Debug|Any CPU
		{0E45B781-2F4E-4C11-A8D9-C85B342F7480}.Release|Any CPU.ActiveCfg = Release|Any CPU
		{0E45B781-2F4E-4C11-A8D9-C85B342F7480}.Release|Any CPU.Build.0 = Release|Any CPU
		{2932A529-B38D-44EC-B24C-0459A10E088F}.Debug|Any CPU.ActiveCfg = Debug|Any CPU
		{2932A529-B38D-44EC-B24C-0459A10E088F}.Debug|Any CPU.Build.0 = Debug|Any CPU
		{2932A529-B38D-44EC-B24C-0459A10E088F}.Release|Any CPU.ActiveCfg = Release|Any CPU
		{2932A529-B38D-44EC-B24C-0459A10E088F}.Release|Any CPU.Build.0 = Release|Any CPU
		{36C35FED-E104-4AD5-9BCD-55C67BF85DFC}.Debug|Any CPU.ActiveCfg = Debug|Any CPU
		{36C35FED-E104-4AD5-9BCD-55C67BF85DFC}.Debug|Any CPU.Deploy.0 = Debug|Any CPU
		{36C35FED-E104-4AD5-9BCD-55C67BF85DFC}.Release|Any CPU.ActiveCfg = Release|Any CPU
		{36C35FED-E104-4AD5-9BCD-55C67BF85DFC}.Release|Any CPU.Deploy.0 = Release|Any CPU
	EndGlobalSection
	GlobalSection(SolutionProperties) = preSolution
		HideSolutionNode = FALSE
	EndGlobalSection
	GlobalSection(NestedProjects) = preSolution
		{0FA75A5B-AB83-4FD0-B545-279774C01E87} = {AFAA0841-BD93-466F-B8F4-FB4EEC86F1FC}
		{3870C648-4AEA-4B85-BA3F-F2F63B96136A} = {AFAA0841-BD93-466F-B8F4-FB4EEC86F1FC}
		{38E184BD-E874-4633-A947-AED4FDB73F40} = {AFAA0841-BD93-466F-B8F4-FB4EEC86F1FC}
		{0E45B781-2F4E-4C11-A8D9-C85B342F7480} = {AFAA0841-BD93-466F-B8F4-FB4EEC86F1FC}
		{2932A529-B38D-44EC-B24C-0459A10E088F} = {AFAA0841-BD93-466F-B8F4-FB4EEC86F1FC}
		{36C35FED-E104-4AD5-9BCD-55C67BF85DFC} = {AFAA0841-BD93-466F-B8F4-FB4EEC86F1FC}
	EndGlobalSection
	GlobalSection(ExtensibilityGlobals) = postSolution
		SolutionGuid = {14318F47-1D2C-474B-A1D2-883E17CDE34A}
	EndGlobalSection
EndGlobal
